
Microsoft Visual Studio Solution File, Format Version 12.00
# Visual Studio Version 17
VisualStudioVersion = 17.9.34723.18
MinimumVisualStudioVersion = 10.0.40219.1
Project("{2150E333-8FDC-42A3-9474-1A3956D46DE8}") = "ElasticSearch", "ElasticSearch", "{2A18AE11-E8ED-4165-BFEB-5AE6315D4528}"
EndProject
Project("{9A19103F-16F7-4668-BE54-9A1E7A4F7556}") = "NetCommon.ElasticSearch", "src\NetCommon.ElasticSearch\NetCommon.ElasticSearch.csproj", "{0457D11B-08B7-40C8-B82D-04A575CDA76E}"
EndProject
Project("{9A19103F-16F7-4668-BE54-9A1E7A4F7556}") = "NetCommon.ElasticSearch.Model", "src\NetCommon.ElasticSearch.Model\NetCommon.ElasticSearch.Model.csproj", "{77C21E1D-EA4F-47E4-94F3-1E779EF1D655}"
EndProject
Project("{9A19103F-16F7-4668-BE54-9A1E7A4F7556}") = "NetCommon.ElasticSearchV6.Nest", "src\NetCommon.ElasticSearch.Nest\NetCommon.ElasticSearchV6.Nest.csproj", "{AC9DACC3-7B17-49D6-BE6B-CD7486039311}"
EndProject
Project("{2150E333-8FDC-42A3-9474-1A3956D46DE8}") = "HttpService", "HttpService", "{7F743CD9-C768-4A24-BFD0-00DC70AC97AF}"
EndProject
Project("{9A19103F-16F7-4668-BE54-9A1E7A4F7556}") = "EasyBom.DataCenter.HttpApi", "src\EasyBom.HttpApi\EasyBom.DataCenter.HttpApi.csproj", "{D438220A-D49C-4F2F-8C43-6DB234E1CA2C}"
EndProject
Project("{9A19103F-16F7-4668-BE54-9A1E7A4F7556}") = "EasyBom.DataCenter.Model", "src\EasyBom.DataCenter.Model\EasyBom.DataCenter.Model.csproj", "{D513F271-AE26-4BCC-87DA-DAF52923DF33}"
EndProject
Project("{2150E333-8FDC-42A3-9474-1A3956D46DE8}") = "Scheduler", "Scheduler", "{A8563777-C070-4187-BD02-E042D0ED2986}"
EndProject
Project("{9A19103F-16F7-4668-BE54-9A1E7A4F7556}") = "NetCommon.Swagger", "src\NetCommon.Swagger\NetCommon.Swagger.csproj", "{147E9F50-B9C0-4058-B0E3-3E140189D45B}"
EndProject
Project("{9A19103F-16F7-4668-BE54-9A1E7A4F7556}") = "NetCommon.Scheduler", "src\NetCommon.Scheduler\NetCommon.Scheduler.csproj", "{82C7B2CE-41C6-4949-8387-21542FC15B9E}"
EndProject
Project("{9A19103F-16F7-4668-BE54-9A1E7A4F7556}") = "NetCommon.HangFire", "src\NetCommon.HangFire\NetCommon.HangFire.csproj", "{C889B619-0DA1-46CD-89EE-CFAFE3B08BDC}"
EndProject
Project("{2150E333-8FDC-42A3-9474-1A3956D46DE8}") = "Database", "Database", "{46FED93C-9247-4079-B5C0-9633C33DB8FF}"
EndProject
Project("{9A19103F-16F7-4668-BE54-9A1E7A4F7556}") = "NetCommon.Database", "src\NetCommon.Database\NetCommon.Database.csproj", "{EC3E8460-9D50-4503-A730-6618F59989DE}"
EndProject
Project("{9A19103F-16F7-4668-BE54-9A1E7A4F7556}") = "NetCommon", "src\NetCommon\NetCommon.csproj", "{0FDDF83B-8F96-4C84-A3FB-6B23DB4B8DF3}"
EndProject
Project("{2150E333-8FDC-42A3-9474-1A3956D46DE8}") = "Redis", "Redis", "{18D6A53A-9D28-4BEC-A2EB-761121C84629}"
EndProject
Project("{9A19103F-16F7-4668-BE54-9A1E7A4F7556}") = "NetCommon.Redis", "src\NetCommon.Redis\NetCommon.Redis.csproj", "{5945672A-2E70-4900-BDF7-3C25FD83DC1D}"
EndProject
Project("{9A19103F-16F7-4668-BE54-9A1E7A4F7556}") = "NetCommon.FreeRedis", "src\NetCommon.FreeRedis\NetCommon.FreeRedis.csproj", "{AAEFC86A-B40D-46AE-A2B8-BA1AFD998A0E}"
EndProject
Project("{2150E333-8FDC-42A3-9474-1A3956D46DE8}") = "Serilog", "Serilog", "{39A6D312-FEE3-4AA7-B778-9BEC448141AE}"
EndProject
Project("{9A19103F-16F7-4668-BE54-9A1E7A4F7556}") = "NetCommon.Serilog", "src\NetCommon.Serilog\NetCommon.Serilog.csproj", "{87CCDA67-D463-4032-AFE5-CBA9E415FED1}"
EndProject
Project("{9A19103F-16F7-4668-BE54-9A1E7A4F7556}") = "NetCommon.Serilog.ElasticSearch", "src\NetCommon.Serilog.ElasticSearch\NetCommon.Serilog.ElasticSearch.csproj", "{C1ADB10B-B1CF-4391-AD87-0403830E0221}"
EndProject
Project("{9A19103F-16F7-4668-BE54-9A1E7A4F7556}") = "NetCommon.Serilog.ElasticSearch.Nest", "src\NetCommon.Serilog.ElasticSearch.Nest\NetCommon.Serilog.ElasticSearch.Nest.csproj", "{0D4F875C-2739-45F2-8BEB-C461DBC898F1}"
EndProject
Project("{9A19103F-16F7-4668-BE54-9A1E7A4F7556}") = "NetCommon.Web", "src\NetCommon.Web\NetCommon.Web.csproj", "{AA1FC385-16EE-4617-8A91-D7E3E6F3BC67}"
EndProject
Project("{FAE04EC0-301F-11D3-BF4B-00C04F79EFBC}") = "NetCommon.Serilog.Database", "src\NetCommon.Serilog.Database\NetCommon.Serilog.Database.csproj", "{B6D0FA69-97D1-4F3D-9746-7EA7DC17DB6A}"
EndProject
Global
	GlobalSection(SolutionConfigurationPlatforms) = preSolution
		Debug|Any CPU = Debug|Any CPU
		Release|Any CPU = Release|Any CPU
	EndGlobalSection
	GlobalSection(ProjectConfigurationPlatforms) = postSolution
		{0457D11B-08B7-40C8-B82D-04A575CDA76E}.Debug|Any CPU.ActiveCfg = Debug|Any CPU
		{0457D11B-08B7-40C8-B82D-04A575CDA76E}.Debug|Any CPU.Build.0 = Debug|Any CPU
		{0457D11B-08B7-40C8-B82D-04A575CDA76E}.Release|Any CPU.ActiveCfg = Release|Any CPU
		{0457D11B-08B7-40C8-B82D-04A575CDA76E}.Release|Any CPU.Build.0 = Release|Any CPU
		{77C21E1D-EA4F-47E4-94F3-1E779EF1D655}.Debug|Any CPU.ActiveCfg = Debug|Any CPU
		{77C21E1D-EA4F-47E4-94F3-1E779EF1D655}.Debug|Any CPU.Build.0 = Debug|Any CPU
		{77C21E1D-EA4F-47E4-94F3-1E779EF1D655}.Release|Any CPU.ActiveCfg = Release|Any CPU
		{77C21E1D-EA4F-47E4-94F3-1E779EF1D655}.Release|Any CPU.Build.0 = Release|Any CPU
		{AC9DACC3-7B17-49D6-BE6B-CD7486039311}.Debug|Any CPU.ActiveCfg = Debug|Any CPU
		{AC9DACC3-7B17-49D6-BE6B-CD7486039311}.Debug|Any CPU.Build.0 = Debug|Any CPU
		{AC9DACC3-7B17-49D6-BE6B-CD7486039311}.Release|Any CPU.ActiveCfg = Release|Any CPU
		{AC9DACC3-7B17-49D6-BE6B-CD7486039311}.Release|Any CPU.Build.0 = Release|Any CPU
		{D438220A-D49C-4F2F-8C43-6DB234E1CA2C}.Debug|Any CPU.ActiveCfg = Debug|Any CPU
		{D438220A-D49C-4F2F-8C43-6DB234E1CA2C}.Debug|Any CPU.Build.0 = Debug|Any CPU
		{D438220A-D49C-4F2F-8C43-6DB234E1CA2C}.Release|Any CPU.ActiveCfg = Release|Any CPU
		{D438220A-D49C-4F2F-8C43-6DB234E1CA2C}.Release|Any CPU.Build.0 = Release|Any CPU
		{D513F271-AE26-4BCC-87DA-DAF52923DF33}.Debug|Any CPU.ActiveCfg = Debug|Any CPU
		{D513F271-AE26-4BCC-87DA-DAF52923DF33}.Debug|Any CPU.Build.0 = Debug|Any CPU
		{D513F271-AE26-4BCC-87DA-DAF52923DF33}.Release|Any CPU.ActiveCfg = Release|Any CPU
		{D513F271-AE26-4BCC-87DA-DAF52923DF33}.Release|Any CPU.Build.0 = Release|Any CPU
		{147E9F50-B9C0-4058-B0E3-3E140189D45B}.Debug|Any CPU.ActiveCfg = Debug|Any CPU
		{147E9F50-B9C0-4058-B0E3-3E140189D45B}.Debug|Any CPU.Build.0 = Debug|Any CPU
		{147E9F50-B9C0-4058-B0E3-3E140189D45B}.Release|Any CPU.ActiveCfg = Release|Any CPU
		{147E9F50-B9C0-4058-B0E3-3E140189D45B}.Release|Any CPU.Build.0 = Release|Any CPU
		{82C7B2CE-41C6-4949-8387-21542FC15B9E}.Debug|Any CPU.ActiveCfg = Debug|Any CPU
		{82C7B2CE-41C6-4949-8387-21542FC15B9E}.Debug|Any CPU.Build.0 = Debug|Any CPU
		{82C7B2CE-41C6-4949-8387-21542FC15B9E}.Release|Any CPU.ActiveCfg = Release|Any CPU
		{82C7B2CE-41C6-4949-8387-21542FC15B9E}.Release|Any CPU.Build.0 = Release|Any CPU
		{C889B619-0DA1-46CD-89EE-CFAFE3B08BDC}.Debug|Any CPU.ActiveCfg = Debug|Any CPU
		{C889B619-0DA1-46CD-89EE-CFAFE3B08BDC}.Debug|Any CPU.Build.0 = Debug|Any CPU
		{C889B619-0DA1-46CD-89EE-CFAFE3B08BDC}.Release|Any CPU.ActiveCfg = Release|Any CPU
		{C889B619-0DA1-46CD-89EE-CFAFE3B08BDC}.Release|Any CPU.Build.0 = Release|Any CPU
		{EC3E8460-9D50-4503-A730-6618F59989DE}.Debug|Any CPU.ActiveCfg = Debug|Any CPU
		{EC3E8460-9D50-4503-A730-6618F59989DE}.Debug|Any CPU.Build.0 = Debug|Any CPU
		{EC3E8460-9D50-4503-A730-6618F59989DE}.Release|Any CPU.ActiveCfg = Release|Any CPU
		{EC3E8460-9D50-4503-A730-6618F59989DE}.Release|Any CPU.Build.0 = Release|Any CPU
		{0FDDF83B-8F96-4C84-A3FB-6B23DB4B8DF3}.Debug|Any CPU.ActiveCfg = Debug|Any CPU
		{0FDDF83B-8F96-4C84-A3FB-6B23DB4B8DF3}.Debug|Any CPU.Build.0 = Debug|Any CPU
		{0FDDF83B-8F96-4C84-A3FB-6B23DB4B8DF3}.Release|Any CPU.ActiveCfg = Release|Any CPU
		{0FDDF83B-8F96-4C84-A3FB-6B23DB4B8DF3}.Release|Any CPU.Build.0 = Release|Any CPU
		{5945672A-2E70-4900-BDF7-3C25FD83DC1D}.Debug|Any CPU.ActiveCfg = Debug|Any CPU
		{5945672A-2E70-4900-BDF7-3C25FD83DC1D}.Debug|Any CPU.Build.0 = Debug|Any CPU
		{5945672A-2E70-4900-BDF7-3C25FD83DC1D}.Release|Any CPU.ActiveCfg = Release|Any CPU
		{5945672A-2E70-4900-BDF7-3C25FD83DC1D}.Release|Any CPU.Build.0 = Release|Any CPU
		{AAEFC86A-B40D-46AE-A2B8-BA1AFD998A0E}.Debug|Any CPU.ActiveCfg = Debug|Any CPU
		{AAEFC86A-B40D-46AE-A2B8-BA1AFD998A0E}.Debug|Any CPU.Build.0 = Debug|Any CPU
		{AAEFC86A-B40D-46AE-A2B8-BA1AFD998A0E}.Release|Any CPU.ActiveCfg = Release|Any CPU
		{AAEFC86A-B40D-46AE-A2B8-BA1AFD998A0E}.Release|Any CPU.Build.0 = Release|Any CPU
		{87CCDA67-D463-4032-AFE5-CBA9E415FED1}.Debug|Any CPU.ActiveCfg = Debug|Any CPU
		{87CCDA67-D463-4032-AFE5-CBA9E415FED1}.Debug|Any CPU.Build.0 = Debug|Any CPU
		{87CCDA67-D463-4032-AFE5-CBA9E415FED1}.Release|Any CPU.ActiveCfg = Release|Any CPU
		{87CCDA67-D463-4032-AFE5-CBA9E415FED1}.Release|Any CPU.Build.0 = Release|Any CPU
		{C1ADB10B-B1CF-4391-AD87-0403830E0221}.Debug|Any CPU.ActiveCfg = Debug|Any CPU
		{C1ADB10B-B1CF-4391-AD87-0403830E0221}.Debug|Any CPU.Build.0 = Debug|Any CPU
		{C1ADB10B-B1CF-4391-AD87-0403830E0221}.Release|Any CPU.ActiveCfg = Release|Any CPU
		{C1ADB10B-B1CF-4391-AD87-0403830E0221}.Release|Any CPU.Build.0 = Release|Any CPU
		{0D4F875C-2739-45F2-8BEB-C461DBC898F1}.Debug|Any CPU.ActiveCfg = Debug|Any CPU
		{0D4F875C-2739-45F2-8BEB-C461DBC898F1}.Debug|Any CPU.Build.0 = Debug|Any CPU
		{0D4F875C-2739-45F2-8BEB-C461DBC898F1}.Release|Any CPU.ActiveCfg = Release|Any CPU
		{0D4F875C-2739-45F2-8BEB-C461DBC898F1}.Release|Any CPU.Build.0 = Release|Any CPU
		{AA1FC385-16EE-4617-8A91-D7E3E6F3BC67}.Debug|Any CPU.ActiveCfg = Debug|Any CPU
		{AA1FC385-16EE-4617-8A91-D7E3E6F3BC67}.Debug|Any CPU.Build.0 = Debug|Any CPU
		{AA1FC385-16EE-4617-8A91-D7E3E6F3BC67}.Release|Any CPU.ActiveCfg = Release|Any CPU
		{AA1FC385-16EE-4617-8A91-D7E3E6F3BC67}.Release|Any CPU.Build.0 = Release|Any CPU
		{B6D0FA69-97D1-4F3D-9746-7EA7DC17DB6A}.Debug|Any CPU.ActiveCfg = Debug|Any CPU
		{B6D0FA69-97D1-4F3D-9746-7EA7DC17DB6A}.Debug|Any CPU.Build.0 = Debug|Any CPU
		{B6D0FA69-97D1-4F3D-9746-7EA7DC17DB6A}.Release|Any CPU.ActiveCfg = Release|Any CPU
		{B6D0FA69-97D1-4F3D-9746-7EA7DC17DB6A}.Release|Any CPU.Build.0 = Release|Any CPU
	EndGlobalSection
	GlobalSection(SolutionProperties) = preSolution
		HideSolutionNode = FALSE
	EndGlobalSection
	GlobalSection(NestedProjects) = preSolution
		{0457D11B-08B7-40C8-B82D-04A575CDA76E} = {2A18AE11-E8ED-4165-BFEB-5AE6315D4528}
		{77C21E1D-EA4F-47E4-94F3-1E779EF1D655} = {2A18AE11-E8ED-4165-BFEB-5AE6315D4528}
		{AC9DACC3-7B17-49D6-BE6B-CD7486039311} = {2A18AE11-E8ED-4165-BFEB-5AE6315D4528}
		{D438220A-D49C-4F2F-8C43-6DB234E1CA2C} = {7F743CD9-C768-4A24-BFD0-00DC70AC97AF}
		{D513F271-AE26-4BCC-87DA-DAF52923DF33} = {7F743CD9-C768-4A24-BFD0-00DC70AC97AF}
		{82C7B2CE-41C6-4949-8387-21542FC15B9E} = {A8563777-C070-4187-BD02-E042D0ED2986}
		{C889B619-0DA1-46CD-89EE-CFAFE3B08BDC} = {A8563777-C070-4187-BD02-E042D0ED2986}
		{EC3E8460-9D50-4503-A730-6618F59989DE} = {46FED93C-9247-4079-B5C0-9633C33DB8FF}
		{5945672A-2E70-4900-BDF7-3C25FD83DC1D} = {18D6A53A-9D28-4BEC-A2EB-761121C84629}
		{AAEFC86A-B40D-46AE-A2B8-BA1AFD998A0E} = {18D6A53A-9D28-4BEC-A2EB-761121C84629}
		{87CCDA67-D463-4032-AFE5-CBA9E415FED1} = {39A6D312-FEE3-4AA7-B778-9BEC448141AE}
		{C1ADB10B-B1CF-4391-AD87-0403830E0221} = {39A6D312-FEE3-4AA7-B778-9BEC448141AE}
		{0D4F875C-2739-45F2-8BEB-C461DBC898F1} = {39A6D312-FEE3-4AA7-B778-9BEC448141AE}
		{B6D0FA69-97D1-4F3D-9746-7EA7DC17DB6A} = {39A6D312-FEE3-4AA7-B778-9BEC448141AE}
	EndGlobalSection
	GlobalSection(ExtensibilityGlobals) = postSolution
		SolutionGuid = {218614EA-4526-4231-86DC-E95C135729A9}
	EndGlobalSection
EndGlobal
